
Microsoft Visual Studio Solution File, Format Version 12.00
# Visual Studio Version 16
VisualStudioVersion = 16.0.30907.101
MinimumVisualStudioVersion = 10.0.40219.1
Project("{FAE04EC0-301F-11D3-BF4B-00C04F79EFBC}") = "code_exchanger", "code_exchanger\code_exchanger.csproj", "{CE3129A0-F422-46D6-BCF1-DF0941D07946}"
EndProject
Global
	GlobalSection(SolutionConfigurationPlatforms) = preSolution
		Debug|Any CPU = Debug|Any CPU
		Release|Any CPU = Release|Any CPU
	EndGlobalSection
	GlobalSection(ProjectConfigurationPlatforms) = postSolution
		{CE3129A0-F422-46D6-BCF1-DF0941D07946}.Debug|Any CPU.ActiveCfg = Debug|Any CPU
		{CE3129A0-F422-46D6-BCF1-DF0941D07946}.Debug|Any CPU.Build.0 = Debug|Any CPU
		{CE3129A0-F422-46D6-BCF1-DF0941D07946}.Release|Any CPU.ActiveCfg = Release|Any CPU
		{CE3129A0-F422-46D6-BCF1-DF0941D07946}.Release|Any CPU.Build.0 = Release|Any CPU
	EndGlobalSection
	GlobalSection(SolutionProperties) = preSolution
		HideSolutionNode = FALSE
	EndGlobalSection
	GlobalSection(ExtensibilityGlobals) = postSolution
		SolutionGuid = {A4C4A004-BF93-44BD-AD37-5D3803C86C33}
	EndGlobalSection
EndGlobal
