
Microsoft Visual Studio Solution File, Format Version 12.00
# Visual Studio Version 16
VisualStudioVersion = 16.0.30907.101
MinimumVisualStudioVersion = 10.0.40219.1
Project("{FAE04EC0-301F-11D3-BF4B-00C04F79EFBC}") = "code_exchanger_back", "code_exchanger_back\code_exchanger_back.csproj", "{2892F515-B6AE-4EE5-B2D3-75B48AA9FC60}"
EndProject
Global
	GlobalSection(SolutionConfigurationPlatforms) = preSolution
		Debug|Any CPU = Debug|Any CPU
		Release|Any CPU = Release|Any CPU
	EndGlobalSection
	GlobalSection(ProjectConfigurationPlatforms) = postSolution
		{2892F515-B6AE-4EE5-B2D3-75B48AA9FC60}.Debug|Any CPU.ActiveCfg = Debug|Any CPU
		{2892F515-B6AE-4EE5-B2D3-75B48AA9FC60}.Debug|Any CPU.Build.0 = Debug|Any CPU
		{2892F515-B6AE-4EE5-B2D3-75B48AA9FC60}.Release|Any CPU.ActiveCfg = Release|Any CPU
		{2892F515-B6AE-4EE5-B2D3-75B48AA9FC60}.Release|Any CPU.Build.0 = Release|Any CPU
	EndGlobalSection
	GlobalSection(SolutionProperties) = preSolution
		HideSolutionNode = FALSE
	EndGlobalSection
	GlobalSection(ExtensibilityGlobals) = postSolution
		SolutionGuid = {4524216E-76E6-488F-9D47-3C0449C5AA30}
	EndGlobalSection
EndGlobal
